
Microsoft Visual Studio Solution File, Format Version 12.00
# Visual Studio Version 16
VisualStudioVersion = 16.0.30803.129
MinimumVisualStudioVersion = 10.0.40219.1
Project("{FAE04EC0-301F-11D3-BF4B-00C04F79EFBC}") = "KaysPets", "KaysPets\KaysPets.csproj", "{D56AF174-C2BE-40B8-B0E9-DB7C34D40CF0}"
EndProject
Project("{FAE04EC0-301F-11D3-BF4B-00C04F79EFBC}") = "Kays Pets UI", "Kay's Pets UI\Kays Pets UI.csproj", "{504A5847-7340-49DA-972D-848AEE77648C}"
EndProject
Global
	GlobalSection(SolutionConfigurationPlatforms) = preSolution
		Debug|Any CPU = Debug|Any CPU
		Release|Any CPU = Release|Any CPU
	EndGlobalSection
	GlobalSection(ProjectConfigurationPlatforms) = postSolution
		{D56AF174-C2BE-40B8-B0E9-DB7C34D40CF0}.Debug|Any CPU.ActiveCfg = Debug|Any CPU
		{D56AF174-C2BE-40B8-B0E9-DB7C34D40CF0}.Debug|Any CPU.Build.0 = Debug|Any CPU
		{D56AF174-C2BE-40B8-B0E9-DB7C34D40CF0}.Release|Any CPU.ActiveCfg = Release|Any CPU
		{D56AF174-C2BE-40B8-B0E9-DB7C34D40CF0}.Release|Any CPU.Build.0 = Release|Any CPU
		{504A5847-7340-49DA-972D-848AEE77648C}.Debug|Any CPU.ActiveCfg = Debug|Any CPU
		{504A5847-7340-49DA-972D-848AEE77648C}.Debug|Any CPU.Build.0 = Debug|Any CPU
		{504A5847-7340-49DA-972D-848AEE77648C}.Release|Any CPU.ActiveCfg = Release|Any CPU
		{504A5847-7340-49DA-972D-848AEE77648C}.Release|Any CPU.Build.0 = Release|Any CPU
	EndGlobalSection
	GlobalSection(SolutionProperties) = preSolution
		HideSolutionNode = FALSE
	EndGlobalSection
	GlobalSection(ExtensibilityGlobals) = postSolution
		SolutionGuid = {119FF4C6-08C7-4823-B887-3E72BA05C859}
	EndGlobalSection
EndGlobal
